// !$*UTF8*$!
{
	archiveVersion = 1;
	classes = {
	};
	objectVersion = 46;
	objects = {

/* Begin PBXBuildFile section */
		1C5F335719C8FD2900F0CD4E /* Reader.swift in Sources */ = {isa = PBXBuildFile; fileRef = 1C9B386B19C8F8930071A339 /* Reader.swift */; };
		1C5F335819C8FD2C00F0CD4E /* Constants.swift in Sources */ = {isa = PBXBuildFile; fileRef = 1C9B386D19C8F91B0071A339 /* Constants.swift */; };
		1C5F335B19C9014F00F0CD4E /* Set.swift in Sources */ = {isa = PBXBuildFile; fileRef = 1C5F335919C8FF9D00F0CD4E /* Set.swift */; };
		1C9B380319C8E9BF0071A339 /* AppDelegate.swift in Sources */ = {isa = PBXBuildFile; fileRef = 1C9B380219C8E9BF0071A339 /* AppDelegate.swift */; };
		1C9B380519C8E9BF0071A339 /* ViewController.swift in Sources */ = {isa = PBXBuildFile; fileRef = 1C9B380419C8E9BF0071A339 /* ViewController.swift */; };
		1C9B380819C8E9BF0071A339 /* Main.storyboard in Resources */ = {isa = PBXBuildFile; fileRef = 1C9B380619C8E9BF0071A339 /* Main.storyboard */; };
		1C9B380A19C8E9BF0071A339 /* Images.xcassets in Resources */ = {isa = PBXBuildFile; fileRef = 1C9B380919C8E9BF0071A339 /* Images.xcassets */; };
		1C9B380D19C8E9BF0071A339 /* LaunchScreen.xib in Resources */ = {isa = PBXBuildFile; fileRef = 1C9B380B19C8E9BF0071A339 /* LaunchScreen.xib */; };
		1C9B381919C8E9BF0071A339 /* ExampleApp_iOSTests.swift in Sources */ = {isa = PBXBuildFile; fileRef = 1C9B381819C8E9BF0071A339 /* ExampleApp_iOSTests.swift */; };
		1C9B382919C8E9DA0071A339 /* main.m in Sources */ = {isa = PBXBuildFile; fileRef = 1C9B382819C8E9DA0071A339 /* main.m */; };
		1C9B382C19C8E9DA0071A339 /* AppDelegate.m in Sources */ = {isa = PBXBuildFile; fileRef = 1C9B382B19C8E9DA0071A339 /* AppDelegate.m */; };
		1C9B382E19C8E9DA0071A339 /* Images.xcassets in Resources */ = {isa = PBXBuildFile; fileRef = 1C9B382D19C8E9DA0071A339 /* Images.xcassets */; };
		1C9B383119C8E9DA0071A339 /* MainMenu.xib in Resources */ = {isa = PBXBuildFile; fileRef = 1C9B382F19C8E9DA0071A339 /* MainMenu.xib */; };
		1C9B383D19C8E9DB0071A339 /* ExampleApp_OSXTests.m in Sources */ = {isa = PBXBuildFile; fileRef = 1C9B383C19C8E9DB0071A339 /* ExampleApp_OSXTests.m */; };
		1CA2CC7219C8FC9B00DA17F7 /* Transit_iOSTests.swift in Sources */ = {isa = PBXBuildFile; fileRef = 1CA2CC7119C8FC9B00DA17F7 /* Transit_iOSTests.swift */; };
		1CA2CC7519C8FC9B00DA17F7 /* TransitKit.framework in Frameworks */ = {isa = PBXBuildFile; fileRef = 1CA2CC6119C8FC9B00DA17F7 /* TransitKit.framework */; };
		1CA2CC7619C8FC9B00DA17F7 /* TransitKit.framework in Embed Frameworks */ = {isa = PBXBuildFile; fileRef = 1CA2CC6119C8FC9B00DA17F7 /* TransitKit.framework */; settings = {ATTRIBUTES = (CodeSignOnCopy, RemoveHeadersOnCopy, ); }; };
		1CA2CC8019C8FCAE00DA17F7 /* Transit-iOS.h in Headers */ = {isa = PBXBuildFile; fileRef = 1CA2CC7F19C8FCAE00DA17F7 /* Transit-iOS.h */; };
		1CFD2DAE19CA888200C29CD0 /* SetTests.swift in Sources */ = {isa = PBXBuildFile; fileRef = 1CFD2DAD19CA888200C29CD0 /* SetTests.swift */; };
/* End PBXBuildFile section */

/* Begin PBXContainerItemProxy section */
		1C9B381319C8E9BF0071A339 /* PBXContainerItemProxy */ = {
			isa = PBXContainerItemProxy;
			containerPortal = 1C9B37F319C8E95D0071A339 /* Project object */;
			proxyType = 1;
			remoteGlobalIDString = 1C9B37FC19C8E9BF0071A339;
			remoteInfo = "ExampleApp-iOS";
		};
		1C9B383719C8E9DB0071A339 /* PBXContainerItemProxy */ = {
			isa = PBXContainerItemProxy;
			containerPortal = 1C9B37F319C8E95D0071A339 /* Project object */;
			proxyType = 1;
			remoteGlobalIDString = 1C9B382319C8E9DA0071A339;
			remoteInfo = "ExampleApp-OSX";
		};
		1CA2CC6C19C8FC9B00DA17F7 /* PBXContainerItemProxy */ = {
			isa = PBXContainerItemProxy;
			containerPortal = 1C9B37F319C8E95D0071A339 /* Project object */;
			proxyType = 1;
			remoteGlobalIDString = 1C9B37FC19C8E9BF0071A339;
			remoteInfo = "ExampleApp-iOS";
		};
		1CA2CC7319C8FC9B00DA17F7 /* PBXContainerItemProxy */ = {
			isa = PBXContainerItemProxy;
			containerPortal = 1C9B37F319C8E95D0071A339 /* Project object */;
			proxyType = 1;
			remoteGlobalIDString = 1CA2CC6019C8FC9B00DA17F7;
			remoteInfo = "Transit-iOS";
		};
		1CA2CC7719C8FC9B00DA17F7 /* PBXContainerItemProxy */ = {
			isa = PBXContainerItemProxy;
			containerPortal = 1C9B37F319C8E95D0071A339 /* Project object */;
			proxyType = 1;
			remoteGlobalIDString = 1CA2CC6019C8FC9B00DA17F7;
			remoteInfo = "Transit-iOS";
		};
/* End PBXContainerItemProxy section */

/* Begin PBXCopyFilesBuildPhase section */
		1C9B386419C8EA470071A339 /* Embed Frameworks */ = {
			isa = PBXCopyFilesBuildPhase;
			buildActionMask = 2147483647;
			dstPath = "";
			dstSubfolderSpec = 10;
			files = (
				1CA2CC7619C8FC9B00DA17F7 /* TransitKit.framework in Embed Frameworks */,
			);
			name = "Embed Frameworks";
			runOnlyForDeploymentPostprocessing = 0;
		};
/* End PBXCopyFilesBuildPhase section */

/* Begin PBXFileReference section */
		1C3879D319CA35660001316B /* MyPlayground.playground */ = {isa = PBXFileReference; lastKnownFileType = file.playground; path = MyPlayground.playground; sourceTree = "<group>"; };
		1C5F335919C8FF9D00F0CD4E /* Set.swift */ = {isa = PBXFileReference; fileEncoding = 4; lastKnownFileType = sourcecode.swift; path = Set.swift; sourceTree = "<group>"; };
		1C9B37FD19C8E9BF0071A339 /* ExampleApp-iOS.app */ = {isa = PBXFileReference; explicitFileType = wrapper.application; includeInIndex = 0; path = "ExampleApp-iOS.app"; sourceTree = BUILT_PRODUCTS_DIR; };
		1C9B380119C8E9BF0071A339 /* Info.plist */ = {isa = PBXFileReference; lastKnownFileType = text.plist.xml; path = Info.plist; sourceTree = "<group>"; };
		1C9B380219C8E9BF0071A339 /* AppDelegate.swift */ = {isa = PBXFileReference; lastKnownFileType = sourcecode.swift; path = AppDelegate.swift; sourceTree = "<group>"; };
		1C9B380419C8E9BF0071A339 /* ViewController.swift */ = {isa = PBXFileReference; lastKnownFileType = sourcecode.swift; path = ViewController.swift; sourceTree = "<group>"; };
		1C9B380719C8E9BF0071A339 /* Base */ = {isa = PBXFileReference; lastKnownFileType = file.storyboard; name = Base; path = Base.lproj/Main.storyboard; sourceTree = "<group>"; };
		1C9B380919C8E9BF0071A339 /* Images.xcassets */ = {isa = PBXFileReference; lastKnownFileType = folder.assetcatalog; path = Images.xcassets; sourceTree = "<group>"; };
		1C9B380C19C8E9BF0071A339 /* Base */ = {isa = PBXFileReference; lastKnownFileType = file.xib; name = Base; path = Base.lproj/LaunchScreen.xib; sourceTree = "<group>"; };
		1C9B381219C8E9BF0071A339 /* ExampleApp-iOSTests.xctest */ = {isa = PBXFileReference; explicitFileType = wrapper.cfbundle; includeInIndex = 0; path = "ExampleApp-iOSTests.xctest"; sourceTree = BUILT_PRODUCTS_DIR; };
		1C9B381719C8E9BF0071A339 /* Info.plist */ = {isa = PBXFileReference; lastKnownFileType = text.plist.xml; path = Info.plist; sourceTree = "<group>"; };
		1C9B381819C8E9BF0071A339 /* ExampleApp_iOSTests.swift */ = {isa = PBXFileReference; lastKnownFileType = sourcecode.swift; path = ExampleApp_iOSTests.swift; sourceTree = "<group>"; };
		1C9B382419C8E9DA0071A339 /* ExampleApp-OSX.app */ = {isa = PBXFileReference; explicitFileType = wrapper.application; includeInIndex = 0; path = "ExampleApp-OSX.app"; sourceTree = BUILT_PRODUCTS_DIR; };
		1C9B382719C8E9DA0071A339 /* Info.plist */ = {isa = PBXFileReference; lastKnownFileType = text.plist.xml; path = Info.plist; sourceTree = "<group>"; };
		1C9B382819C8E9DA0071A339 /* main.m */ = {isa = PBXFileReference; lastKnownFileType = sourcecode.c.objc; path = main.m; sourceTree = "<group>"; };
		1C9B382A19C8E9DA0071A339 /* AppDelegate.h */ = {isa = PBXFileReference; lastKnownFileType = sourcecode.c.h; path = AppDelegate.h; sourceTree = "<group>"; };
		1C9B382B19C8E9DA0071A339 /* AppDelegate.m */ = {isa = PBXFileReference; lastKnownFileType = sourcecode.c.objc; path = AppDelegate.m; sourceTree = "<group>"; };
		1C9B382D19C8E9DA0071A339 /* Images.xcassets */ = {isa = PBXFileReference; lastKnownFileType = folder.assetcatalog; path = Images.xcassets; sourceTree = "<group>"; };
		1C9B383019C8E9DA0071A339 /* Base */ = {isa = PBXFileReference; lastKnownFileType = file.xib; name = Base; path = Base.lproj/MainMenu.xib; sourceTree = "<group>"; };
		1C9B383619C8E9DA0071A339 /* ExampleApp-OSXTests.xctest */ = {isa = PBXFileReference; explicitFileType = wrapper.cfbundle; includeInIndex = 0; path = "ExampleApp-OSXTests.xctest"; sourceTree = BUILT_PRODUCTS_DIR; };
		1C9B383B19C8E9DB0071A339 /* Info.plist */ = {isa = PBXFileReference; lastKnownFileType = text.plist.xml; path = Info.plist; sourceTree = "<group>"; };
		1C9B383C19C8E9DB0071A339 /* ExampleApp_OSXTests.m */ = {isa = PBXFileReference; lastKnownFileType = sourcecode.c.objc; path = ExampleApp_OSXTests.m; sourceTree = "<group>"; };
		1C9B386B19C8F8930071A339 /* Reader.swift */ = {isa = PBXFileReference; fileEncoding = 4; lastKnownFileType = sourcecode.swift; path = Reader.swift; sourceTree = "<group>"; };
		1C9B386D19C8F91B0071A339 /* Constants.swift */ = {isa = PBXFileReference; fileEncoding = 4; lastKnownFileType = sourcecode.swift; path = Constants.swift; sourceTree = "<group>"; };
		1CA2CC6119C8FC9B00DA17F7 /* TransitKit.framework */ = {isa = PBXFileReference; explicitFileType = wrapper.framework; includeInIndex = 0; path = TransitKit.framework; sourceTree = BUILT_PRODUCTS_DIR; };
		1CA2CC6B19C8FC9B00DA17F7 /* Transit-iOSTests.xctest */ = {isa = PBXFileReference; explicitFileType = wrapper.cfbundle; includeInIndex = 0; path = "Transit-iOSTests.xctest"; sourceTree = BUILT_PRODUCTS_DIR; };
		1CA2CC7019C8FC9B00DA17F7 /* Info.plist */ = {isa = PBXFileReference; lastKnownFileType = text.plist.xml; path = Info.plist; sourceTree = "<group>"; };
		1CA2CC7119C8FC9B00DA17F7 /* Transit_iOSTests.swift */ = {isa = PBXFileReference; lastKnownFileType = sourcecode.swift; path = Transit_iOSTests.swift; sourceTree = "<group>"; };
		1CA2CC7F19C8FCAE00DA17F7 /* Transit-iOS.h */ = {isa = PBXFileReference; fileEncoding = 4; lastKnownFileType = sourcecode.c.h; path = "Transit-iOS.h"; sourceTree = "<group>"; };
		1CA2CC8319C8FCC400DA17F7 /* Info.plist */ = {isa = PBXFileReference; fileEncoding = 4; lastKnownFileType = text.plist.xml; path = Info.plist; sourceTree = "<group>"; };
		1CFD2DAD19CA888200C29CD0 /* SetTests.swift */ = {isa = PBXFileReference; fileEncoding = 4; lastKnownFileType = sourcecode.swift; path = SetTests.swift; sourceTree = "<group>"; };
/* End PBXFileReference section */

/* Begin PBXFrameworksBuildPhase section */
		1C9B37FA19C8E9BF0071A339 /* Frameworks */ = {
			isa = PBXFrameworksBuildPhase;
			buildActionMask = 2147483647;
			files = (
				1CA2CC7519C8FC9B00DA17F7 /* TransitKit.framework in Frameworks */,
			);
			runOnlyForDeploymentPostprocessing = 0;
		};
		1C9B380F19C8E9BF0071A339 /* Frameworks */ = {
			isa = PBXFrameworksBuildPhase;
			buildActionMask = 2147483647;
			files = (
			);
			runOnlyForDeploymentPostprocessing = 0;
		};
		1C9B382119C8E9DA0071A339 /* Frameworks */ = {
			isa = PBXFrameworksBuildPhase;
			buildActionMask = 2147483647;
			files = (
			);
			runOnlyForDeploymentPostprocessing = 0;
		};
		1C9B383319C8E9DA0071A339 /* Frameworks */ = {
			isa = PBXFrameworksBuildPhase;
			buildActionMask = 2147483647;
			files = (
			);
			runOnlyForDeploymentPostprocessing = 0;
		};
		1CA2CC5D19C8FC9B00DA17F7 /* Frameworks */ = {
			isa = PBXFrameworksBuildPhase;
			buildActionMask = 2147483647;
			files = (
			);
			runOnlyForDeploymentPostprocessing = 0;
		};
		1CA2CC6819C8FC9B00DA17F7 /* Frameworks */ = {
			isa = PBXFrameworksBuildPhase;
			buildActionMask = 2147483647;
			files = (
			);
			runOnlyForDeploymentPostprocessing = 0;
		};
/* End PBXFrameworksBuildPhase section */

/* Begin PBXGroup section */
		1C9B37F219C8E95D0071A339 = {
			isa = PBXGroup;
			children = (
				1C3879D319CA35660001316B /* MyPlayground.playground */,
				1C9B37FF19C8E9BF0071A339 /* ExampleApp-iOS */,
				1C9B381519C8E9BF0071A339 /* ExampleApp-iOSTests */,
				1C9B382519C8E9DA0071A339 /* ExampleApp-OSX */,
				1C9B383919C8E9DB0071A339 /* ExampleApp-OSXTests */,
				1CA2CC6219C8FC9B00DA17F7 /* Transit-iOS */,
				1CA2CC6E19C8FC9B00DA17F7 /* Transit-iOSTests */,
				1C9B37FE19C8E9BF0071A339 /* Products */,
				1C9B386819C8EA940071A339 /* Common */,
			);
			sourceTree = "<group>";
		};
		1C9B37FE19C8E9BF0071A339 /* Products */ = {
			isa = PBXGroup;
			children = (
				1C9B37FD19C8E9BF0071A339 /* ExampleApp-iOS.app */,
				1C9B381219C8E9BF0071A339 /* ExampleApp-iOSTests.xctest */,
				1C9B382419C8E9DA0071A339 /* ExampleApp-OSX.app */,
				1C9B383619C8E9DA0071A339 /* ExampleApp-OSXTests.xctest */,
				1CA2CC6119C8FC9B00DA17F7 /* TransitKit.framework */,
				1CA2CC6B19C8FC9B00DA17F7 /* Transit-iOSTests.xctest */,
			);
			name = Products;
			sourceTree = "<group>";
		};
		1C9B37FF19C8E9BF0071A339 /* ExampleApp-iOS */ = {
			isa = PBXGroup;
			children = (
				1C9B380219C8E9BF0071A339 /* AppDelegate.swift */,
				1C9B380419C8E9BF0071A339 /* ViewController.swift */,
				1C9B380619C8E9BF0071A339 /* Main.storyboard */,
				1C9B380919C8E9BF0071A339 /* Images.xcassets */,
				1C9B380B19C8E9BF0071A339 /* LaunchScreen.xib */,
				1C9B380019C8E9BF0071A339 /* Supporting Files */,
			);
			path = "ExampleApp-iOS";
			sourceTree = "<group>";
		};
		1C9B380019C8E9BF0071A339 /* Supporting Files */ = {
			isa = PBXGroup;
			children = (
				1C9B380119C8E9BF0071A339 /* Info.plist */,
			);
			name = "Supporting Files";
			sourceTree = "<group>";
		};
		1C9B381519C8E9BF0071A339 /* ExampleApp-iOSTests */ = {
			isa = PBXGroup;
			children = (
				1C9B381819C8E9BF0071A339 /* ExampleApp_iOSTests.swift */,
				1C9B381619C8E9BF0071A339 /* Supporting Files */,
			);
			path = "ExampleApp-iOSTests";
			sourceTree = "<group>";
		};
		1C9B381619C8E9BF0071A339 /* Supporting Files */ = {
			isa = PBXGroup;
			children = (
				1C9B381719C8E9BF0071A339 /* Info.plist */,
			);
			name = "Supporting Files";
			sourceTree = "<group>";
		};
		1C9B382519C8E9DA0071A339 /* ExampleApp-OSX */ = {
			isa = PBXGroup;
			children = (
				1C9B382A19C8E9DA0071A339 /* AppDelegate.h */,
				1C9B382B19C8E9DA0071A339 /* AppDelegate.m */,
				1C9B382D19C8E9DA0071A339 /* Images.xcassets */,
				1C9B382F19C8E9DA0071A339 /* MainMenu.xib */,
				1C9B382619C8E9DA0071A339 /* Supporting Files */,
			);
			path = "ExampleApp-OSX";
			sourceTree = "<group>";
		};
		1C9B382619C8E9DA0071A339 /* Supporting Files */ = {
			isa = PBXGroup;
			children = (
				1C9B382719C8E9DA0071A339 /* Info.plist */,
				1C9B382819C8E9DA0071A339 /* main.m */,
			);
			name = "Supporting Files";
			sourceTree = "<group>";
		};
		1C9B383919C8E9DB0071A339 /* ExampleApp-OSXTests */ = {
			isa = PBXGroup;
			children = (
				1C9B383C19C8E9DB0071A339 /* ExampleApp_OSXTests.m */,
				1C9B383A19C8E9DB0071A339 /* Supporting Files */,
			);
			path = "ExampleApp-OSXTests";
			sourceTree = "<group>";
		};
		1C9B383A19C8E9DB0071A339 /* Supporting Files */ = {
			isa = PBXGroup;
			children = (
				1C9B383B19C8E9DB0071A339 /* Info.plist */,
			);
			name = "Supporting Files";
			sourceTree = "<group>";
		};
		1C9B386819C8EA940071A339 /* Common */ = {
			isa = PBXGroup;
			children = (
				1C9B386B19C8F8930071A339 /* Reader.swift */,
				1C9B386D19C8F91B0071A339 /* Constants.swift */,
				1C5F335919C8FF9D00F0CD4E /* Set.swift */,
			);
			path = Common;
			sourceTree = "<group>";
		};
		1CA2CC6219C8FC9B00DA17F7 /* Transit-iOS */ = {
			isa = PBXGroup;
			children = (
				1CA2CC7F19C8FCAE00DA17F7 /* Transit-iOS.h */,
				1CA2CC6319C8FC9B00DA17F7 /* Supporting Files */,
			);
			path = "Transit-iOS";
			sourceTree = "<group>";
		};
		1CA2CC6319C8FC9B00DA17F7 /* Supporting Files */ = {
			isa = PBXGroup;
			children = (
				1CA2CC8319C8FCC400DA17F7 /* Info.plist */,
			);
			name = "Supporting Files";
			sourceTree = "<group>";
		};
		1CA2CC6E19C8FC9B00DA17F7 /* Transit-iOSTests */ = {
			isa = PBXGroup;
			children = (
				1CA2CC7119C8FC9B00DA17F7 /* Transit_iOSTests.swift */,
				1CFD2DAD19CA888200C29CD0 /* SetTests.swift */,
				1CA2CC6F19C8FC9B00DA17F7 /* Supporting Files */,
			);
			path = "Transit-iOSTests";
			sourceTree = "<group>";
		};
		1CA2CC6F19C8FC9B00DA17F7 /* Supporting Files */ = {
			isa = PBXGroup;
			children = (
				1CA2CC7019C8FC9B00DA17F7 /* Info.plist */,
			);
			name = "Supporting Files";
			sourceTree = "<group>";
		};
/* End PBXGroup section */

/* Begin PBXHeadersBuildPhase section */
		1CA2CC5E19C8FC9B00DA17F7 /* Headers */ = {
			isa = PBXHeadersBuildPhase;
			buildActionMask = 2147483647;
			files = (
				1CA2CC8019C8FCAE00DA17F7 /* Transit-iOS.h in Headers */,
			);
			runOnlyForDeploymentPostprocessing = 0;
		};
/* End PBXHeadersBuildPhase section */

/* Begin PBXNativeTarget section */
		1C9B37FC19C8E9BF0071A339 /* ExampleApp-iOS */ = {
			isa = PBXNativeTarget;
			buildConfigurationList = 1C9B381E19C8E9BF0071A339 /* Build configuration list for PBXNativeTarget "ExampleApp-iOS" */;
			buildPhases = (
				1C9B37F919C8E9BF0071A339 /* Sources */,
				1C9B37FA19C8E9BF0071A339 /* Frameworks */,
				1C9B37FB19C8E9BF0071A339 /* Resources */,
				1C9B386419C8EA470071A339 /* Embed Frameworks */,
			);
			buildRules = (
			);
			dependencies = (
				1CA2CC7419C8FC9B00DA17F7 /* PBXTargetDependency */,
				1CA2CC7819C8FC9B00DA17F7 /* PBXTargetDependency */,
			);
			name = "ExampleApp-iOS";
			productName = "ExampleApp-iOS";
			productReference = 1C9B37FD19C8E9BF0071A339 /* ExampleApp-iOS.app */;
			productType = "com.apple.product-type.application";
		};
		1C9B381119C8E9BF0071A339 /* ExampleApp-iOSTests */ = {
			isa = PBXNativeTarget;
			buildConfigurationList = 1C9B381F19C8E9BF0071A339 /* Build configuration list for PBXNativeTarget "ExampleApp-iOSTests" */;
			buildPhases = (
				1C9B380E19C8E9BF0071A339 /* Sources */,
				1C9B380F19C8E9BF0071A339 /* Frameworks */,
				1C9B381019C8E9BF0071A339 /* Resources */,
			);
			buildRules = (
			);
			dependencies = (
				1C9B381419C8E9BF0071A339 /* PBXTargetDependency */,
			);
			name = "ExampleApp-iOSTests";
			productName = "ExampleApp-iOSTests";
			productReference = 1C9B381219C8E9BF0071A339 /* ExampleApp-iOSTests.xctest */;
			productType = "com.apple.product-type.bundle.unit-test";
		};
		1C9B382319C8E9DA0071A339 /* ExampleApp-OSX */ = {
			isa = PBXNativeTarget;
			buildConfigurationList = 1C9B383E19C8E9DB0071A339 /* Build configuration list for PBXNativeTarget "ExampleApp-OSX" */;
			buildPhases = (
				1C9B382019C8E9DA0071A339 /* Sources */,
				1C9B382119C8E9DA0071A339 /* Frameworks */,
				1C9B382219C8E9DA0071A339 /* Resources */,
			);
			buildRules = (
			);
			dependencies = (
			);
			name = "ExampleApp-OSX";
			productName = "ExampleApp-OSX";
			productReference = 1C9B382419C8E9DA0071A339 /* ExampleApp-OSX.app */;
			productType = "com.apple.product-type.application";
		};
		1C9B383519C8E9DA0071A339 /* ExampleApp-OSXTests */ = {
			isa = PBXNativeTarget;
			buildConfigurationList = 1C9B384119C8E9DB0071A339 /* Build configuration list for PBXNativeTarget "ExampleApp-OSXTests" */;
			buildPhases = (
				1C9B383219C8E9DA0071A339 /* Sources */,
				1C9B383319C8E9DA0071A339 /* Frameworks */,
				1C9B383419C8E9DA0071A339 /* Resources */,
			);
			buildRules = (
			);
			dependencies = (
				1C9B383819C8E9DB0071A339 /* PBXTargetDependency */,
			);
			name = "ExampleApp-OSXTests";
			productName = "ExampleApp-OSXTests";
			productReference = 1C9B383619C8E9DA0071A339 /* ExampleApp-OSXTests.xctest */;
			productType = "com.apple.product-type.bundle.unit-test";
		};
		1CA2CC6019C8FC9B00DA17F7 /* TransitKit-iOS */ = {
			isa = PBXNativeTarget;
			buildConfigurationList = 1CA2CC7919C8FC9B00DA17F7 /* Build configuration list for PBXNativeTarget "TransitKit-iOS" */;
			buildPhases = (
				1CA2CC5C19C8FC9B00DA17F7 /* Sources */,
				1CA2CC5D19C8FC9B00DA17F7 /* Frameworks */,
				1CA2CC5E19C8FC9B00DA17F7 /* Headers */,
				1CA2CC5F19C8FC9B00DA17F7 /* Resources */,
			);
			buildRules = (
			);
			dependencies = (
			);
			name = "TransitKit-iOS";
			productName = "Transit-iOS";
			productReference = 1CA2CC6119C8FC9B00DA17F7 /* TransitKit.framework */;
			productType = "com.apple.product-type.framework";
		};
		1CA2CC6A19C8FC9B00DA17F7 /* TransitKit-iOSTests */ = {
			isa = PBXNativeTarget;
			buildConfigurationList = 1CA2CC7C19C8FC9B00DA17F7 /* Build configuration list for PBXNativeTarget "TransitKit-iOSTests" */;
			buildPhases = (
				1CA2CC6719C8FC9B00DA17F7 /* Sources */,
				1CA2CC6819C8FC9B00DA17F7 /* Frameworks */,
				1CA2CC6919C8FC9B00DA17F7 /* Resources */,
			);
			buildRules = (
			);
			dependencies = (
				1CA2CC6D19C8FC9B00DA17F7 /* PBXTargetDependency */,
			);
			name = "TransitKit-iOSTests";
			productName = "Transit-iOSTests";
			productReference = 1CA2CC6B19C8FC9B00DA17F7 /* Transit-iOSTests.xctest */;
			productType = "com.apple.product-type.bundle.unit-test";
		};
/* End PBXNativeTarget section */

/* Begin PBXProject section */
		1C9B37F319C8E95D0071A339 /* Project object */ = {
			isa = PBXProject;
			attributes = {
				LastUpgradeCheck = 0600;
				TargetAttributes = {
					1C9B37FC19C8E9BF0071A339 = {
						CreatedOnToolsVersion = 6.0;
					};
					1C9B381119C8E9BF0071A339 = {
						CreatedOnToolsVersion = 6.0;
						TestTargetID = 1C9B37FC19C8E9BF0071A339;
					};
					1C9B382319C8E9DA0071A339 = {
						CreatedOnToolsVersion = 6.0;
					};
					1C9B383519C8E9DA0071A339 = {
						CreatedOnToolsVersion = 6.0;
						TestTargetID = 1C9B382319C8E9DA0071A339;
					};
					1CA2CC6019C8FC9B00DA17F7 = {
						CreatedOnToolsVersion = 6.0;
					};
					1CA2CC6A19C8FC9B00DA17F7 = {
						CreatedOnToolsVersion = 6.0;
						TestTargetID = 1C9B37FC19C8E9BF0071A339;
					};
				};
			};
			buildConfigurationList = 1C9B37F619C8E95D0071A339 /* Build configuration list for PBXProject "Transit" */;
			compatibilityVersion = "Xcode 3.2";
			developmentRegion = English;
			hasScannedForEncodings = 0;
			knownRegions = (
				en,
				Base,
			);
			mainGroup = 1C9B37F219C8E95D0071A339;
			productRefGroup = 1C9B37FE19C8E9BF0071A339 /* Products */;
			projectDirPath = "";
			projectRoot = "";
			targets = (
				1C9B37FC19C8E9BF0071A339 /* ExampleApp-iOS */,
				1C9B381119C8E9BF0071A339 /* ExampleApp-iOSTests */,
				1C9B382319C8E9DA0071A339 /* ExampleApp-OSX */,
				1C9B383519C8E9DA0071A339 /* ExampleApp-OSXTests */,
				1CA2CC6019C8FC9B00DA17F7 /* TransitKit-iOS */,
				1CA2CC6A19C8FC9B00DA17F7 /* TransitKit-iOSTests */,
			);
		};
/* End PBXProject section */

/* Begin PBXResourcesBuildPhase section */
		1C9B37FB19C8E9BF0071A339 /* Resources */ = {
			isa = PBXResourcesBuildPhase;
			buildActionMask = 2147483647;
			files = (
				1C9B380819C8E9BF0071A339 /* Main.storyboard in Resources */,
				1C9B380D19C8E9BF0071A339 /* LaunchScreen.xib in Resources */,
				1C9B380A19C8E9BF0071A339 /* Images.xcassets in Resources */,
			);
			runOnlyForDeploymentPostprocessing = 0;
		};
		1C9B381019C8E9BF0071A339 /* Resources */ = {
			isa = PBXResourcesBuildPhase;
			buildActionMask = 2147483647;
			files = (
			);
			runOnlyForDeploymentPostprocessing = 0;
		};
		1C9B382219C8E9DA0071A339 /* Resources */ = {
			isa = PBXResourcesBuildPhase;
			buildActionMask = 2147483647;
			files = (
				1C9B382E19C8E9DA0071A339 /* Images.xcassets in Resources */,
				1C9B383119C8E9DA0071A339 /* MainMenu.xib in Resources */,
			);
			runOnlyForDeploymentPostprocessing = 0;
		};
		1C9B383419C8E9DA0071A339 /* Resources */ = {
			isa = PBXResourcesBuildPhase;
			buildActionMask = 2147483647;
			files = (
			);
			runOnlyForDeploymentPostprocessing = 0;
		};
		1CA2CC5F19C8FC9B00DA17F7 /* Resources */ = {
			isa = PBXResourcesBuildPhase;
			buildActionMask = 2147483647;
			files = (
			);
			runOnlyForDeploymentPostprocessing = 0;
		};
		1CA2CC6919C8FC9B00DA17F7 /* Resources */ = {
			isa = PBXResourcesBuildPhase;
			buildActionMask = 2147483647;
			files = (
			);
			runOnlyForDeploymentPostprocessing = 0;
		};
/* End PBXResourcesBuildPhase section */

/* Begin PBXSourcesBuildPhase section */
		1C9B37F919C8E9BF0071A339 /* Sources */ = {
			isa = PBXSourcesBuildPhase;
			buildActionMask = 2147483647;
			files = (
				1C9B380519C8E9BF0071A339 /* ViewController.swift in Sources */,
				1C9B380319C8E9BF0071A339 /* AppDelegate.swift in Sources */,
			);
			runOnlyForDeploymentPostprocessing = 0;
		};
		1C9B380E19C8E9BF0071A339 /* Sources */ = {
			isa = PBXSourcesBuildPhase;
			buildActionMask = 2147483647;
			files = (
				1C9B381919C8E9BF0071A339 /* ExampleApp_iOSTests.swift in Sources */,
			);
			runOnlyForDeploymentPostprocessing = 0;
		};
		1C9B382019C8E9DA0071A339 /* Sources */ = {
			isa = PBXSourcesBuildPhase;
			buildActionMask = 2147483647;
			files = (
				1C9B382C19C8E9DA0071A339 /* AppDelegate.m in Sources */,
				1C9B382919C8E9DA0071A339 /* main.m in Sources */,
			);
			runOnlyForDeploymentPostprocessing = 0;
		};
		1C9B383219C8E9DA0071A339 /* Sources */ = {
			isa = PBXSourcesBuildPhase;
			buildActionMask = 2147483647;
			files = (
				1C9B383D19C8E9DB0071A339 /* ExampleApp_OSXTests.m in Sources */,
			);
			runOnlyForDeploymentPostprocessing = 0;
		};
		1CA2CC5C19C8FC9B00DA17F7 /* Sources */ = {
			isa = PBXSourcesBuildPhase;
			buildActionMask = 2147483647;
			files = (
				1C5F335719C8FD2900F0CD4E /* Reader.swift in Sources */,
				1C5F335819C8FD2C00F0CD4E /* Constants.swift in Sources */,
				1C5F335B19C9014F00F0CD4E /* Set.swift in Sources */,
			);
			runOnlyForDeploymentPostprocessing = 0;
		};
		1CA2CC6719C8FC9B00DA17F7 /* Sources */ = {
			isa = PBXSourcesBuildPhase;
			buildActionMask = 2147483647;
			files = (
				1CFD2DAE19CA888200C29CD0 /* SetTests.swift in Sources */,
				1CA2CC7219C8FC9B00DA17F7 /* Transit_iOSTests.swift in Sources */,
			);
			runOnlyForDeploymentPostprocessing = 0;
		};
/* End PBXSourcesBuildPhase section */

/* Begin PBXTargetDependency section */
		1C9B381419C8E9BF0071A339 /* PBXTargetDependency */ = {
			isa = PBXTargetDependency;
			target = 1C9B37FC19C8E9BF0071A339 /* ExampleApp-iOS */;
			targetProxy = 1C9B381319C8E9BF0071A339 /* PBXContainerItemProxy */;
		};
		1C9B383819C8E9DB0071A339 /* PBXTargetDependency */ = {
			isa = PBXTargetDependency;
			target = 1C9B382319C8E9DA0071A339 /* ExampleApp-OSX */;
			targetProxy = 1C9B383719C8E9DB0071A339 /* PBXContainerItemProxy */;
		};
		1CA2CC6D19C8FC9B00DA17F7 /* PBXTargetDependency */ = {
			isa = PBXTargetDependency;
			target = 1C9B37FC19C8E9BF0071A339 /* ExampleApp-iOS */;
			targetProxy = 1CA2CC6C19C8FC9B00DA17F7 /* PBXContainerItemProxy */;
		};
		1CA2CC7419C8FC9B00DA17F7 /* PBXTargetDependency */ = {
			isa = PBXTargetDependency;
			target = 1CA2CC6019C8FC9B00DA17F7 /* TransitKit-iOS */;
			targetProxy = 1CA2CC7319C8FC9B00DA17F7 /* PBXContainerItemProxy */;
		};
		1CA2CC7819C8FC9B00DA17F7 /* PBXTargetDependency */ = {
			isa = PBXTargetDependency;
			target = 1CA2CC6019C8FC9B00DA17F7 /* TransitKit-iOS */;
			targetProxy = 1CA2CC7719C8FC9B00DA17F7 /* PBXContainerItemProxy */;
		};
/* End PBXTargetDependency section */

/* Begin PBXVariantGroup section */
		1C9B380619C8E9BF0071A339 /* Main.storyboard */ = {
			isa = PBXVariantGroup;
			children = (
				1C9B380719C8E9BF0071A339 /* Base */,
			);
			name = Main.storyboard;
			sourceTree = "<group>";
		};
		1C9B380B19C8E9BF0071A339 /* LaunchScreen.xib */ = {
			isa = PBXVariantGroup;
			children = (
				1C9B380C19C8E9BF0071A339 /* Base */,
			);
			name = LaunchScreen.xib;
			sourceTree = "<group>";
		};
		1C9B382F19C8E9DA0071A339 /* MainMenu.xib */ = {
			isa = PBXVariantGroup;
			children = (
				1C9B383019C8E9DA0071A339 /* Base */,
			);
			name = MainMenu.xib;
			sourceTree = "<group>";
		};
/* End PBXVariantGroup section */

/* Begin XCBuildConfiguration section */
		1C9B37F719C8E95D0071A339 /* Debug */ = {
			isa = XCBuildConfiguration;
			buildSettings = {
			};
			name = Debug;
		};
		1C9B37F819C8E95D0071A339 /* Release */ = {
			isa = XCBuildConfiguration;
			buildSettings = {
			};
			name = Release;
		};
		1C9B381A19C8E9BF0071A339 /* Debug */ = {
			isa = XCBuildConfiguration;
			buildSettings = {
				ALWAYS_SEARCH_USER_PATHS = NO;
				ASSETCATALOG_COMPILER_APPICON_NAME = AppIcon;
				CLANG_CXX_LANGUAGE_STANDARD = "gnu++0x";
				CLANG_CXX_LIBRARY = "libc++";
				CLANG_ENABLE_MODULES = YES;
				CLANG_ENABLE_OBJC_ARC = YES;
				CLANG_WARN_BOOL_CONVERSION = YES;
				CLANG_WARN_CONSTANT_CONVERSION = YES;
				CLANG_WARN_DIRECT_OBJC_ISA_USAGE = YES_ERROR;
				CLANG_WARN_EMPTY_BODY = YES;
				CLANG_WARN_ENUM_CONVERSION = YES;
				CLANG_WARN_INT_CONVERSION = YES;
				CLANG_WARN_OBJC_ROOT_CLASS = YES_ERROR;
				CLANG_WARN_UNREACHABLE_CODE = YES;
				CLANG_WARN__DUPLICATE_METHOD_MATCH = YES;
				"CODE_SIGN_IDENTITY[sdk=iphoneos*]" = "iPhone Developer";
				COPY_PHASE_STRIP = NO;
				ENABLE_STRICT_OBJC_MSGSEND = YES;
				GCC_C_LANGUAGE_STANDARD = gnu99;
				GCC_DYNAMIC_NO_PIC = NO;
				GCC_OPTIMIZATION_LEVEL = 0;
				GCC_PREPROCESSOR_DEFINITIONS = (
					"DEBUG=1",
					"$(inherited)",
				);
				GCC_SYMBOLS_PRIVATE_EXTERN = NO;
				GCC_WARN_64_TO_32_BIT_CONVERSION = YES;
				GCC_WARN_ABOUT_RETURN_TYPE = YES_ERROR;
				GCC_WARN_UNDECLARED_SELECTOR = YES;
				GCC_WARN_UNINITIALIZED_AUTOS = YES_AGGRESSIVE;
				GCC_WARN_UNUSED_FUNCTION = YES;
				GCC_WARN_UNUSED_VARIABLE = YES;
				INFOPLIST_FILE = "ExampleApp-iOS/Info.plist";
				IPHONEOS_DEPLOYMENT_TARGET = 8.0;
				LD_RUNPATH_SEARCH_PATHS = "$(inherited) @executable_path/Frameworks";
				MTL_ENABLE_DEBUG_INFO = YES;
				ONLY_ACTIVE_ARCH = YES;
				PRODUCT_NAME = "$(TARGET_NAME)";
				SDKROOT = iphoneos;
				SWIFT_OPTIMIZATION_LEVEL = "-Onone";
				TARGETED_DEVICE_FAMILY = "1,2";
			};
			name = Debug;
		};
		1C9B381B19C8E9BF0071A339 /* Release */ = {
			isa = XCBuildConfiguration;
			buildSettings = {
				ALWAYS_SEARCH_USER_PATHS = NO;
				ASSETCATALOG_COMPILER_APPICON_NAME = AppIcon;
				CLANG_CXX_LANGUAGE_STANDARD = "gnu++0x";
				CLANG_CXX_LIBRARY = "libc++";
				CLANG_ENABLE_MODULES = YES;
				CLANG_ENABLE_OBJC_ARC = YES;
				CLANG_WARN_BOOL_CONVERSION = YES;
				CLANG_WARN_CONSTANT_CONVERSION = YES;
				CLANG_WARN_DIRECT_OBJC_ISA_USAGE = YES_ERROR;
				CLANG_WARN_EMPTY_BODY = YES;
				CLANG_WARN_ENUM_CONVERSION = YES;
				CLANG_WARN_INT_CONVERSION = YES;
				CLANG_WARN_OBJC_ROOT_CLASS = YES_ERROR;
				CLANG_WARN_UNREACHABLE_CODE = YES;
				CLANG_WARN__DUPLICATE_METHOD_MATCH = YES;
				"CODE_SIGN_IDENTITY[sdk=iphoneos*]" = "iPhone Developer";
				COPY_PHASE_STRIP = YES;
				ENABLE_NS_ASSERTIONS = NO;
				ENABLE_STRICT_OBJC_MSGSEND = YES;
				GCC_C_LANGUAGE_STANDARD = gnu99;
				GCC_WARN_64_TO_32_BIT_CONVERSION = YES;
				GCC_WARN_ABOUT_RETURN_TYPE = YES_ERROR;
				GCC_WARN_UNDECLARED_SELECTOR = YES;
				GCC_WARN_UNINITIALIZED_AUTOS = YES_AGGRESSIVE;
				GCC_WARN_UNUSED_FUNCTION = YES;
				GCC_WARN_UNUSED_VARIABLE = YES;
				INFOPLIST_FILE = "ExampleApp-iOS/Info.plist";
				IPHONEOS_DEPLOYMENT_TARGET = 8.0;
				LD_RUNPATH_SEARCH_PATHS = "$(inherited) @executable_path/Frameworks";
				MTL_ENABLE_DEBUG_INFO = NO;
				PRODUCT_NAME = "$(TARGET_NAME)";
				SDKROOT = iphoneos;
				TARGETED_DEVICE_FAMILY = "1,2";
				VALIDATE_PRODUCT = YES;
			};
			name = Release;
		};
		1C9B381C19C8E9BF0071A339 /* Debug */ = {
			isa = XCBuildConfiguration;
			buildSettings = {
				ALWAYS_SEARCH_USER_PATHS = NO;
				BUNDLE_LOADER = "$(TEST_HOST)";
				CLANG_CXX_LANGUAGE_STANDARD = "gnu++0x";
				CLANG_CXX_LIBRARY = "libc++";
				CLANG_ENABLE_MODULES = YES;
				CLANG_ENABLE_OBJC_ARC = YES;
				CLANG_WARN_BOOL_CONVERSION = YES;
				CLANG_WARN_CONSTANT_CONVERSION = YES;
				CLANG_WARN_DIRECT_OBJC_ISA_USAGE = YES_ERROR;
				CLANG_WARN_EMPTY_BODY = YES;
				CLANG_WARN_ENUM_CONVERSION = YES;
				CLANG_WARN_INT_CONVERSION = YES;
				CLANG_WARN_OBJC_ROOT_CLASS = YES_ERROR;
				CLANG_WARN_UNREACHABLE_CODE = YES;
				CLANG_WARN__DUPLICATE_METHOD_MATCH = YES;
				COPY_PHASE_STRIP = NO;
				ENABLE_STRICT_OBJC_MSGSEND = YES;
				FRAMEWORK_SEARCH_PATHS = (
					"$(SDKROOT)/Developer/Library/Frameworks",
					"$(inherited)",
				);
				GCC_C_LANGUAGE_STANDARD = gnu99;
				GCC_DYNAMIC_NO_PIC = NO;
				GCC_OPTIMIZATION_LEVEL = 0;
				GCC_PREPROCESSOR_DEFINITIONS = (
					"DEBUG=1",
					"$(inherited)",
				);
				GCC_SYMBOLS_PRIVATE_EXTERN = NO;
				GCC_WARN_64_TO_32_BIT_CONVERSION = YES;
				GCC_WARN_ABOUT_RETURN_TYPE = YES_ERROR;
				GCC_WARN_UNDECLARED_SELECTOR = YES;
				GCC_WARN_UNINITIALIZED_AUTOS = YES_AGGRESSIVE;
				GCC_WARN_UNUSED_FUNCTION = YES;
				GCC_WARN_UNUSED_VARIABLE = YES;
				INFOPLIST_FILE = "ExampleApp-iOSTests/Info.plist";
				IPHONEOS_DEPLOYMENT_TARGET = 8.0;
				LD_RUNPATH_SEARCH_PATHS = "$(inherited) @executable_path/Frameworks @loader_path/Frameworks";
				MTL_ENABLE_DEBUG_INFO = YES;
				ONLY_ACTIVE_ARCH = YES;
				PRODUCT_NAME = "$(TARGET_NAME)";
				SDKROOT = iphoneos;
				TEST_HOST = "$(BUILT_PRODUCTS_DIR)/ExampleApp-iOS.app/ExampleApp-iOS";
			};
			name = Debug;
		};
		1C9B381D19C8E9BF0071A339 /* Release */ = {
			isa = XCBuildConfiguration;
			buildSettings = {
				ALWAYS_SEARCH_USER_PATHS = NO;
				BUNDLE_LOADER = "$(TEST_HOST)";
				CLANG_CXX_LANGUAGE_STANDARD = "gnu++0x";
				CLANG_CXX_LIBRARY = "libc++";
				CLANG_ENABLE_MODULES = YES;
				CLANG_ENABLE_OBJC_ARC = YES;
				CLANG_WARN_BOOL_CONVERSION = YES;
				CLANG_WARN_CONSTANT_CONVERSION = YES;
				CLANG_WARN_DIRECT_OBJC_ISA_USAGE = YES_ERROR;
				CLANG_WARN_EMPTY_BODY = YES;
				CLANG_WARN_ENUM_CONVERSION = YES;
				CLANG_WARN_INT_CONVERSION = YES;
				CLANG_WARN_OBJC_ROOT_CLASS = YES_ERROR;
				CLANG_WARN_UNREACHABLE_CODE = YES;
				CLANG_WARN__DUPLICATE_METHOD_MATCH = YES;
				COPY_PHASE_STRIP = YES;
				ENABLE_NS_ASSERTIONS = NO;
				ENABLE_STRICT_OBJC_MSGSEND = YES;
				FRAMEWORK_SEARCH_PATHS = (
					"$(SDKROOT)/Developer/Library/Frameworks",
					"$(inherited)",
				);
				GCC_C_LANGUAGE_STANDARD = gnu99;
				GCC_WARN_64_TO_32_BIT_CONVERSION = YES;
				GCC_WARN_ABOUT_RETURN_TYPE = YES_ERROR;
				GCC_WARN_UNDECLARED_SELECTOR = YES;
				GCC_WARN_UNINITIALIZED_AUTOS = YES_AGGRESSIVE;
				GCC_WARN_UNUSED_FUNCTION = YES;
				GCC_WARN_UNUSED_VARIABLE = YES;
				INFOPLIST_FILE = "ExampleApp-iOSTests/Info.plist";
				IPHONEOS_DEPLOYMENT_TARGET = 8.0;
				LD_RUNPATH_SEARCH_PATHS = "$(inherited) @executable_path/Frameworks @loader_path/Frameworks";
				MTL_ENABLE_DEBUG_INFO = NO;
				PRODUCT_NAME = "$(TARGET_NAME)";
				SDKROOT = iphoneos;
				TEST_HOST = "$(BUILT_PRODUCTS_DIR)/ExampleApp-iOS.app/ExampleApp-iOS";
				VALIDATE_PRODUCT = YES;
			};
			name = Release;
		};
		1C9B383F19C8E9DB0071A339 /* Debug */ = {
			isa = XCBuildConfiguration;
			buildSettings = {
				ALWAYS_SEARCH_USER_PATHS = NO;
				ASSETCATALOG_COMPILER_APPICON_NAME = AppIcon;
				CLANG_CXX_LANGUAGE_STANDARD = "gnu++0x";
				CLANG_CXX_LIBRARY = "libc++";
				CLANG_ENABLE_MODULES = YES;
				CLANG_ENABLE_OBJC_ARC = YES;
				CLANG_WARN_BOOL_CONVERSION = YES;
				CLANG_WARN_CONSTANT_CONVERSION = YES;
				CLANG_WARN_DIRECT_OBJC_ISA_USAGE = YES_ERROR;
				CLANG_WARN_EMPTY_BODY = YES;
				CLANG_WARN_ENUM_CONVERSION = YES;
				CLANG_WARN_INT_CONVERSION = YES;
				CLANG_WARN_OBJC_ROOT_CLASS = YES_ERROR;
				CLANG_WARN_UNREACHABLE_CODE = YES;
				CLANG_WARN__DUPLICATE_METHOD_MATCH = YES;
				CODE_SIGN_IDENTITY = "-";
				COMBINE_HIDPI_IMAGES = YES;
				COPY_PHASE_STRIP = NO;
				ENABLE_STRICT_OBJC_MSGSEND = YES;
				GCC_C_LANGUAGE_STANDARD = gnu99;
				GCC_DYNAMIC_NO_PIC = NO;
				GCC_OPTIMIZATION_LEVEL = 0;
				GCC_PREPROCESSOR_DEFINITIONS = (
					"DEBUG=1",
					"$(inherited)",
				);
				GCC_SYMBOLS_PRIVATE_EXTERN = NO;
				GCC_WARN_64_TO_32_BIT_CONVERSION = YES;
				GCC_WARN_ABOUT_RETURN_TYPE = YES_ERROR;
				GCC_WARN_UNDECLARED_SELECTOR = YES;
				GCC_WARN_UNINITIALIZED_AUTOS = YES_AGGRESSIVE;
				GCC_WARN_UNUSED_FUNCTION = YES;
				GCC_WARN_UNUSED_VARIABLE = YES;
				INFOPLIST_FILE = "ExampleApp-OSX/Info.plist";
				LD_RUNPATH_SEARCH_PATHS = "$(inherited) @executable_path/../Frameworks";
				MACOSX_DEPLOYMENT_TARGET = 10.9;
				MTL_ENABLE_DEBUG_INFO = YES;
				ONLY_ACTIVE_ARCH = YES;
				PRODUCT_NAME = "$(TARGET_NAME)";
				SDKROOT = macosx;
			};
			name = Debug;
		};
		1C9B384019C8E9DB0071A339 /* Release */ = {
			isa = XCBuildConfiguration;
			buildSettings = {
				ALWAYS_SEARCH_USER_PATHS = NO;
				ASSETCATALOG_COMPILER_APPICON_NAME = AppIcon;
				CLANG_CXX_LANGUAGE_STANDARD = "gnu++0x";
				CLANG_CXX_LIBRARY = "libc++";
				CLANG_ENABLE_MODULES = YES;
				CLANG_ENABLE_OBJC_ARC = YES;
				CLANG_WARN_BOOL_CONVERSION = YES;
				CLANG_WARN_CONSTANT_CONVERSION = YES;
				CLANG_WARN_DIRECT_OBJC_ISA_USAGE = YES_ERROR;
				CLANG_WARN_EMPTY_BODY = YES;
				CLANG_WARN_ENUM_CONVERSION = YES;
				CLANG_WARN_INT_CONVERSION = YES;
				CLANG_WARN_OBJC_ROOT_CLASS = YES_ERROR;
				CLANG_WARN_UNREACHABLE_CODE = YES;
				CLANG_WARN__DUPLICATE_METHOD_MATCH = YES;
				CODE_SIGN_IDENTITY = "-";
				COMBINE_HIDPI_IMAGES = YES;
				COPY_PHASE_STRIP = YES;
				DEBUG_INFORMATION_FORMAT = "dwarf-with-dsym";
				ENABLE_NS_ASSERTIONS = NO;
				ENABLE_STRICT_OBJC_MSGSEND = YES;
				GCC_C_LANGUAGE_STANDARD = gnu99;
				GCC_WARN_64_TO_32_BIT_CONVERSION = YES;
				GCC_WARN_ABOUT_RETURN_TYPE = YES_ERROR;
				GCC_WARN_UNDECLARED_SELECTOR = YES;
				GCC_WARN_UNINITIALIZED_AUTOS = YES_AGGRESSIVE;
				GCC_WARN_UNUSED_FUNCTION = YES;
				GCC_WARN_UNUSED_VARIABLE = YES;
				INFOPLIST_FILE = "ExampleApp-OSX/Info.plist";
				LD_RUNPATH_SEARCH_PATHS = "$(inherited) @executable_path/../Frameworks";
				MACOSX_DEPLOYMENT_TARGET = 10.9;
				MTL_ENABLE_DEBUG_INFO = NO;
				PRODUCT_NAME = "$(TARGET_NAME)";
				SDKROOT = macosx;
			};
			name = Release;
		};
		1C9B384219C8E9DB0071A339 /* Debug */ = {
			isa = XCBuildConfiguration;
			buildSettings = {
				ALWAYS_SEARCH_USER_PATHS = NO;
				BUNDLE_LOADER = "$(TEST_HOST)";
				CLANG_CXX_LANGUAGE_STANDARD = "gnu++0x";
				CLANG_CXX_LIBRARY = "libc++";
				CLANG_ENABLE_MODULES = YES;
				CLANG_ENABLE_OBJC_ARC = YES;
				CLANG_WARN_BOOL_CONVERSION = YES;
				CLANG_WARN_CONSTANT_CONVERSION = YES;
				CLANG_WARN_DIRECT_OBJC_ISA_USAGE = YES_ERROR;
				CLANG_WARN_EMPTY_BODY = YES;
				CLANG_WARN_ENUM_CONVERSION = YES;
				CLANG_WARN_INT_CONVERSION = YES;
				CLANG_WARN_OBJC_ROOT_CLASS = YES_ERROR;
				CLANG_WARN_UNREACHABLE_CODE = YES;
				CLANG_WARN__DUPLICATE_METHOD_MATCH = YES;
				COMBINE_HIDPI_IMAGES = YES;
				COPY_PHASE_STRIP = NO;
				ENABLE_STRICT_OBJC_MSGSEND = YES;
				FRAMEWORK_SEARCH_PATHS = (
					"$(DEVELOPER_FRAMEWORKS_DIR)",
					"$(inherited)",
				);
				GCC_C_LANGUAGE_STANDARD = gnu99;
				GCC_DYNAMIC_NO_PIC = NO;
				GCC_OPTIMIZATION_LEVEL = 0;
				GCC_PREPROCESSOR_DEFINITIONS = (
					"DEBUG=1",
					"$(inherited)",
				);
				GCC_SYMBOLS_PRIVATE_EXTERN = NO;
				GCC_WARN_64_TO_32_BIT_CONVERSION = YES;
				GCC_WARN_ABOUT_RETURN_TYPE = YES_ERROR;
				GCC_WARN_UNDECLARED_SELECTOR = YES;
				GCC_WARN_UNINITIALIZED_AUTOS = YES_AGGRESSIVE;
				GCC_WARN_UNUSED_FUNCTION = YES;
				GCC_WARN_UNUSED_VARIABLE = YES;
				INFOPLIST_FILE = "ExampleApp-OSXTests/Info.plist";
				LD_RUNPATH_SEARCH_PATHS = "$(inherited) @executable_path/../Frameworks @loader_path/../Frameworks";
				MACOSX_DEPLOYMENT_TARGET = 10.9;
				MTL_ENABLE_DEBUG_INFO = YES;
				ONLY_ACTIVE_ARCH = YES;
				PRODUCT_NAME = "$(TARGET_NAME)";
				SDKROOT = macosx;
				TEST_HOST = "$(BUILT_PRODUCTS_DIR)/ExampleApp-OSX.app/Contents/MacOS/ExampleApp-OSX";
			};
			name = Debug;
		};
		1C9B384319C8E9DB0071A339 /* Release */ = {
			isa = XCBuildConfiguration;
			buildSettings = {
				ALWAYS_SEARCH_USER_PATHS = NO;
				BUNDLE_LOADER = "$(TEST_HOST)";
				CLANG_CXX_LANGUAGE_STANDARD = "gnu++0x";
				CLANG_CXX_LIBRARY = "libc++";
				CLANG_ENABLE_MODULES = YES;
				CLANG_ENABLE_OBJC_ARC = YES;
				CLANG_WARN_BOOL_CONVERSION = YES;
				CLANG_WARN_CONSTANT_CONVERSION = YES;
				CLANG_WARN_DIRECT_OBJC_ISA_USAGE = YES_ERROR;
				CLANG_WARN_EMPTY_BODY = YES;
				CLANG_WARN_ENUM_CONVERSION = YES;
				CLANG_WARN_INT_CONVERSION = YES;
				CLANG_WARN_OBJC_ROOT_CLASS = YES_ERROR;
				CLANG_WARN_UNREACHABLE_CODE = YES;
				CLANG_WARN__DUPLICATE_METHOD_MATCH = YES;
				COMBINE_HIDPI_IMAGES = YES;
				COPY_PHASE_STRIP = YES;
				DEBUG_INFORMATION_FORMAT = "dwarf-with-dsym";
				ENABLE_NS_ASSERTIONS = NO;
				ENABLE_STRICT_OBJC_MSGSEND = YES;
				FRAMEWORK_SEARCH_PATHS = (
					"$(DEVELOPER_FRAMEWORKS_DIR)",
					"$(inherited)",
				);
				GCC_C_LANGUAGE_STANDARD = gnu99;
				GCC_WARN_64_TO_32_BIT_CONVERSION = YES;
				GCC_WARN_ABOUT_RETURN_TYPE = YES_ERROR;
				GCC_WARN_UNDECLARED_SELECTOR = YES;
				GCC_WARN_UNINITIALIZED_AUTOS = YES_AGGRESSIVE;
				GCC_WARN_UNUSED_FUNCTION = YES;
				GCC_WARN_UNUSED_VARIABLE = YES;
				INFOPLIST_FILE = "ExampleApp-OSXTests/Info.plist";
				LD_RUNPATH_SEARCH_PATHS = "$(inherited) @executable_path/../Frameworks @loader_path/../Frameworks";
				MACOSX_DEPLOYMENT_TARGET = 10.9;
				MTL_ENABLE_DEBUG_INFO = NO;
				PRODUCT_NAME = "$(TARGET_NAME)";
				SDKROOT = macosx;
				TEST_HOST = "$(BUILT_PRODUCTS_DIR)/ExampleApp-OSX.app/Contents/MacOS/ExampleApp-OSX";
			};
			name = Release;
		};
		1CA2CC7A19C8FC9B00DA17F7 /* Debug */ = {
			isa = XCBuildConfiguration;
			buildSettings = {
				ALWAYS_SEARCH_USER_PATHS = NO;
				CLANG_CXX_LANGUAGE_STANDARD = "gnu++0x";
				CLANG_CXX_LIBRARY = "libc++";
				CLANG_ENABLE_MODULES = YES;
				CLANG_ENABLE_OBJC_ARC = YES;
				CLANG_WARN_BOOL_CONVERSION = YES;
				CLANG_WARN_CONSTANT_CONVERSION = YES;
				CLANG_WARN_DIRECT_OBJC_ISA_USAGE = YES_ERROR;
				CLANG_WARN_EMPTY_BODY = YES;
				CLANG_WARN_ENUM_CONVERSION = YES;
				CLANG_WARN_INT_CONVERSION = YES;
				CLANG_WARN_OBJC_ROOT_CLASS = YES_ERROR;
				CLANG_WARN_UNREACHABLE_CODE = YES;
				CLANG_WARN__DUPLICATE_METHOD_MATCH = YES;
				"CODE_SIGN_IDENTITY[sdk=iphoneos*]" = "iPhone Developer";
				COPY_PHASE_STRIP = NO;
				CURRENT_PROJECT_VERSION = 1;
				DEFINES_MODULE = YES;
				DYLIB_COMPATIBILITY_VERSION = 1;
				DYLIB_CURRENT_VERSION = 1;
				DYLIB_INSTALL_NAME_BASE = "@rpath";
				ENABLE_STRICT_OBJC_MSGSEND = YES;
				GCC_C_LANGUAGE_STANDARD = gnu99;
				GCC_DYNAMIC_NO_PIC = NO;
				GCC_OPTIMIZATION_LEVEL = 0;
				GCC_PREPROCESSOR_DEFINITIONS = (
					"DEBUG=1",
					"$(inherited)",
				);
				GCC_SYMBOLS_PRIVATE_EXTERN = NO;
				GCC_WARN_64_TO_32_BIT_CONVERSION = YES;
				GCC_WARN_ABOUT_RETURN_TYPE = YES_ERROR;
				GCC_WARN_UNDECLARED_SELECTOR = YES;
				GCC_WARN_UNINITIALIZED_AUTOS = YES_AGGRESSIVE;
				GCC_WARN_UNUSED_FUNCTION = YES;
				GCC_WARN_UNUSED_VARIABLE = YES;
				INFOPLIST_FILE = "Transit-iOS/Info.plist";
				INSTALL_PATH = "$(LOCAL_LIBRARY_DIR)/Frameworks";
				IPHONEOS_DEPLOYMENT_TARGET = 8.0;
				LD_RUNPATH_SEARCH_PATHS = "$(inherited) @executable_path/Frameworks @loader_path/Frameworks";
				MTL_ENABLE_DEBUG_INFO = YES;
				ONLY_ACTIVE_ARCH = YES;
				PRODUCT_NAME = TransitKit;
				SDKROOT = iphoneos;
				SKIP_INSTALL = YES;
				SWIFT_OPTIMIZATION_LEVEL = "-Onone";
				TARGETED_DEVICE_FAMILY = "1,2";
				VERSIONING_SYSTEM = "apple-generic";
				VERSION_INFO_PREFIX = "";
			};
			name = Debug;
		};
		1CA2CC7B19C8FC9B00DA17F7 /* Release */ = {
			isa = XCBuildConfiguration;
			buildSettings = {
				ALWAYS_SEARCH_USER_PATHS = NO;
				CLANG_CXX_LANGUAGE_STANDARD = "gnu++0x";
				CLANG_CXX_LIBRARY = "libc++";
				CLANG_ENABLE_MODULES = YES;
				CLANG_ENABLE_OBJC_ARC = YES;
				CLANG_WARN_BOOL_CONVERSION = YES;
				CLANG_WARN_CONSTANT_CONVERSION = YES;
				CLANG_WARN_DIRECT_OBJC_ISA_USAGE = YES_ERROR;
				CLANG_WARN_EMPTY_BODY = YES;
				CLANG_WARN_ENUM_CONVERSION = YES;
				CLANG_WARN_INT_CONVERSION = YES;
				CLANG_WARN_OBJC_ROOT_CLASS = YES_ERROR;
				CLANG_WARN_UNREACHABLE_CODE = YES;
				CLANG_WARN__DUPLICATE_METHOD_MATCH = YES;
				"CODE_SIGN_IDENTITY[sdk=iphoneos*]" = "iPhone Developer";
				COPY_PHASE_STRIP = YES;
				CURRENT_PROJECT_VERSION = 1;
				DEFINES_MODULE = YES;
				DYLIB_COMPATIBILITY_VERSION = 1;
				DYLIB_CURRENT_VERSION = 1;
				DYLIB_INSTALL_NAME_BASE = "@rpath";
				ENABLE_NS_ASSERTIONS = NO;
				ENABLE_STRICT_OBJC_MSGSEND = YES;
				GCC_C_LANGUAGE_STANDARD = gnu99;
				GCC_WARN_64_TO_32_BIT_CONVERSION = YES;
				GCC_WARN_ABOUT_RETURN_TYPE = YES_ERROR;
				GCC_WARN_UNDECLARED_SELECTOR = YES;
				GCC_WARN_UNINITIALIZED_AUTOS = YES_AGGRESSIVE;
				GCC_WARN_UNUSED_FUNCTION = YES;
				GCC_WARN_UNUSED_VARIABLE = YES;
				INFOPLIST_FILE = "Transit-iOS/Info.plist";
				INSTALL_PATH = "$(LOCAL_LIBRARY_DIR)/Frameworks";
				IPHONEOS_DEPLOYMENT_TARGET = 8.0;
				LD_RUNPATH_SEARCH_PATHS = "$(inherited) @executable_path/Frameworks @loader_path/Frameworks";
				MTL_ENABLE_DEBUG_INFO = NO;
				PRODUCT_NAME = TransitKit;
				SDKROOT = iphoneos;
				SKIP_INSTALL = YES;
				TARGETED_DEVICE_FAMILY = "1,2";
				VALIDATE_PRODUCT = YES;
				VERSIONING_SYSTEM = "apple-generic";
				VERSION_INFO_PREFIX = "";
			};
			name = Release;
		};
		1CA2CC7D19C8FC9B00DA17F7 /* Debug */ = {
			isa = XCBuildConfiguration;
			buildSettings = {
				ALWAYS_SEARCH_USER_PATHS = NO;
				CLANG_CXX_LANGUAGE_STANDARD = "gnu++0x";
				CLANG_CXX_LIBRARY = "libc++";
				CLANG_ENABLE_MODULES = YES;
				CLANG_ENABLE_OBJC_ARC = YES;
				CLANG_WARN_BOOL_CONVERSION = YES;
				CLANG_WARN_CONSTANT_CONVERSION = YES;
				CLANG_WARN_DIRECT_OBJC_ISA_USAGE = YES_ERROR;
				CLANG_WARN_EMPTY_BODY = YES;
				CLANG_WARN_ENUM_CONVERSION = YES;
				CLANG_WARN_INT_CONVERSION = YES;
				CLANG_WARN_OBJC_ROOT_CLASS = YES_ERROR;
				CLANG_WARN_UNREACHABLE_CODE = YES;
				CLANG_WARN__DUPLICATE_METHOD_MATCH = YES;
				COPY_PHASE_STRIP = NO;
				ENABLE_STRICT_OBJC_MSGSEND = YES;
				FRAMEWORK_SEARCH_PATHS = (
					"$(SDKROOT)/Developer/Library/Frameworks",
					"$(inherited)",
				);
				GCC_C_LANGUAGE_STANDARD = gnu99;
				GCC_DYNAMIC_NO_PIC = NO;
				GCC_OPTIMIZATION_LEVEL = 0;
				GCC_PREPROCESSOR_DEFINITIONS = (
					"DEBUG=1",
					"$(inherited)",
				);
				GCC_SYMBOLS_PRIVATE_EXTERN = NO;
				GCC_WARN_64_TO_32_BIT_CONVERSION = YES;
				GCC_WARN_ABOUT_RETURN_TYPE = YES_ERROR;
				GCC_WARN_UNDECLARED_SELECTOR = YES;
				GCC_WARN_UNINITIALIZED_AUTOS = YES_AGGRESSIVE;
				GCC_WARN_UNUSED_FUNCTION = YES;
				GCC_WARN_UNUSED_VARIABLE = YES;
				INFOPLIST_FILE = "Transit-iOSTests/Info.plist";
				IPHONEOS_DEPLOYMENT_TARGET = 8.0;
				LD_RUNPATH_SEARCH_PATHS = "$(inherited) @executable_path/Frameworks @loader_path/Frameworks";
				MTL_ENABLE_DEBUG_INFO = YES;
				ONLY_ACTIVE_ARCH = YES;
				PRODUCT_NAME = "$(TARGET_NAME)";
				SDKROOT = iphoneos;
				TEST_HOST = "$(BUILT_PRODUCTS_DIR)/ExampleApp-iOS.app/ExampleApp-iOS";
			};
			name = Debug;
		};
		1CA2CC7E19C8FC9B00DA17F7 /* Release */ = {
			isa = XCBuildConfiguration;
			buildSettings = {
				ALWAYS_SEARCH_USER_PATHS = NO;
				CLANG_CXX_LANGUAGE_STANDARD = "gnu++0x";
				CLANG_CXX_LIBRARY = "libc++";
				CLANG_ENABLE_MODULES = YES;
				CLANG_ENABLE_OBJC_ARC = YES;
				CLANG_WARN_BOOL_CONVERSION = YES;
				CLANG_WARN_CONSTANT_CONVERSION = YES;
				CLANG_WARN_DIRECT_OBJC_ISA_USAGE = YES_ERROR;
				CLANG_WARN_EMPTY_BODY = YES;
				CLANG_WARN_ENUM_CONVERSION = YES;
				CLANG_WARN_INT_CONVERSION = YES;
				CLANG_WARN_OBJC_ROOT_CLASS = YES_ERROR;
				CLANG_WARN_UNREACHABLE_CODE = YES;
				CLANG_WARN__DUPLICATE_METHOD_MATCH = YES;
				COPY_PHASE_STRIP = YES;
				ENABLE_NS_ASSERTIONS = NO;
				ENABLE_STRICT_OBJC_MSGSEND = YES;
				FRAMEWORK_SEARCH_PATHS = (
					"$(SDKROOT)/Developer/Library/Frameworks",
					"$(inherited)",
				);
				GCC_C_LANGUAGE_STANDARD = gnu99;
				GCC_WARN_64_TO_32_BIT_CONVERSION = YES;
				GCC_WARN_ABOUT_RETURN_TYPE = YES_ERROR;
				GCC_WARN_UNDECLARED_SELECTOR = YES;
				GCC_WARN_UNINITIALIZED_AUTOS = YES_AGGRESSIVE;
				GCC_WARN_UNUSED_FUNCTION = YES;
				GCC_WARN_UNUSED_VARIABLE = YES;
				INFOPLIST_FILE = "Transit-iOSTests/Info.plist";
				IPHONEOS_DEPLOYMENT_TARGET = 8.0;
				LD_RUNPATH_SEARCH_PATHS = "$(inherited) @executable_path/Frameworks @loader_path/Frameworks";
				MTL_ENABLE_DEBUG_INFO = NO;
				PRODUCT_NAME = "$(TARGET_NAME)";
				SDKROOT = iphoneos;
				TEST_HOST = "$(BUILT_PRODUCTS_DIR)/ExampleApp-iOS.app/ExampleApp-iOS";
				VALIDATE_PRODUCT = YES;
			};
			name = Release;
		};
/* End XCBuildConfiguration section */

/* Begin XCConfigurationList section */
		1C9B37F619C8E95D0071A339 /* Build configuration list for PBXProject "Transit" */ = {
			isa = XCConfigurationList;
			buildConfigurations = (
				1C9B37F719C8E95D0071A339 /* Debug */,
				1C9B37F819C8E95D0071A339 /* Release */,
			);
			defaultConfigurationIsVisible = 0;
			defaultConfigurationName = Release;
		};
		1C9B381E19C8E9BF0071A339 /* Build configuration list for PBXNativeTarget "ExampleApp-iOS" */ = {
			isa = XCConfigurationList;
			buildConfigurations = (
				1C9B381A19C8E9BF0071A339 /* Debug */,
				1C9B381B19C8E9BF0071A339 /* Release */,
			);
			defaultConfigurationIsVisible = 0;
			defaultConfigurationName = Release;
		};
		1C9B381F19C8E9BF0071A339 /* Build configuration list for PBXNativeTarget "ExampleApp-iOSTests" */ = {
			isa = XCConfigurationList;
			buildConfigurations = (
				1C9B381C19C8E9BF0071A339 /* Debug */,
				1C9B381D19C8E9BF0071A339 /* Release */,
			);
			defaultConfigurationIsVisible = 0;
			defaultConfigurationName = Release;
		};
		1C9B383E19C8E9DB0071A339 /* Build configuration list for PBXNativeTarget "ExampleApp-OSX" */ = {
			isa = XCConfigurationList;
			buildConfigurations = (
				1C9B383F19C8E9DB0071A339 /* Debug */,
				1C9B384019C8E9DB0071A339 /* Release */,
			);
			defaultConfigurationIsVisible = 0;
			defaultConfigurationName = Release;
		};
		1C9B384119C8E9DB0071A339 /* Build configuration list for PBXNativeTarget "ExampleApp-OSXTests" */ = {
			isa = XCConfigurationList;
			buildConfigurations = (
				1C9B384219C8E9DB0071A339 /* Debug */,
				1C9B384319C8E9DB0071A339 /* Release */,
			);
			defaultConfigurationIsVisible = 0;
			defaultConfigurationName = Release;
		};
		1CA2CC7919C8FC9B00DA17F7 /* Build configuration list for PBXNativeTarget "TransitKit-iOS" */ = {
			isa = XCConfigurationList;
			buildConfigurations = (
				1CA2CC7A19C8FC9B00DA17F7 /* Debug */,
				1CA2CC7B19C8FC9B00DA17F7 /* Release */,
			);
			defaultConfigurationIsVisible = 0;
			defaultConfigurationName = Release;
		};
		1CA2CC7C19C8FC9B00DA17F7 /* Build configuration list for PBXNativeTarget "TransitKit-iOSTests" */ = {
			isa = XCConfigurationList;
			buildConfigurations = (
				1CA2CC7D19C8FC9B00DA17F7 /* Debug */,
				1CA2CC7E19C8FC9B00DA17F7 /* Release */,
			);
			defaultConfigurationIsVisible = 0;
			defaultConfigurationName = Release;
		};
/* End XCConfigurationList section */
	};
	rootObject = 1C9B37F319C8E95D0071A339 /* Project object */;
}
